// !$*UTF8*$!
{
	archiveVersion = 1;
	classes = {
	};
	objectVersion = 46;
	objects = {

/* Begin PBXBuildFile section */
		2D50108F19681FFC001E4505 /* AppDelegate.swift in Sources */ = {isa = PBXBuildFile; fileRef = 2D50108E19681FFC001E4505 /* AppDelegate.swift */; };
		2D50109119681FFC001E4505 /* Images.xcassets in Resources */ = {isa = PBXBuildFile; fileRef = 2D50109019681FFC001E4505 /* Images.xcassets */; };
		2D50109D19681FFC001E4505 /* TransitionTestTests.swift in Sources */ = {isa = PBXBuildFile; fileRef = 2D50109C19681FFC001E4505 /* TransitionTestTests.swift */; };
/* End PBXBuildFile section */

/* Begin PBXContainerItemProxy section */
		2D50109719681FFC001E4505 /* PBXContainerItemProxy */ = {
			isa = PBXContainerItemProxy;
			containerPortal = 2D50108119681FFB001E4505 /* Project object */;
			proxyType = 1;
			remoteGlobalIDString = 2D50108819681FFB001E4505;
			remoteInfo = TransitionTest;
		};
/* End PBXContainerItemProxy section */

/* Begin PBXFileReference section */
		2D50108919681FFB001E4505 /* TransitionTest.app */ = {isa = PBXFileReference; explicitFileType = wrapper.application; includeInIndex = 0; path = TransitionTest.app; sourceTree = BUILT_PRODUCTS_DIR; };
		2D50108D19681FFB001E4505 /* Info.plist */ = {isa = PBXFileReference; lastKnownFileType = text.plist.xml; path = Info.plist; sourceTree = "<group>"; };
		2D50108E19681FFC001E4505 /* AppDelegate.swift */ = {isa = PBXFileReference; lastKnownFileType = sourcecode.swift; path = AppDelegate.swift; sourceTree = "<group>"; };
		2D50109019681FFC001E4505 /* Images.xcassets */ = {isa = PBXFileReference; lastKnownFileType = folder.assetcatalog; path = Images.xcassets; sourceTree = "<group>"; };
		2D50109619681FFC001E4505 /* TransitionTestTests.xctest */ = {isa = PBXFileReference; explicitFileType = wrapper.cfbundle; includeInIndex = 0; path = TransitionTestTests.xctest; sourceTree = BUILT_PRODUCTS_DIR; };
		2D50109B19681FFC001E4505 /* Info.plist */ = {isa = PBXFileReference; lastKnownFileType = text.plist.xml; path = Info.plist; sourceTree = "<group>"; };
		2D50109C19681FFC001E4505 /* TransitionTestTests.swift */ = {isa = PBXFileReference; lastKnownFileType = sourcecode.swift; path = TransitionTestTests.swift; sourceTree = "<group>"; };
/* End PBXFileReference section */

/* Begin PBXFrameworksBuildPhase section */
		2D50108619681FFB001E4505 /* Frameworks */ = {
			isa = PBXFrameworksBuildPhase;
			buildActionMask = 2147483647;
			files = (
			);
			runOnlyForDeploymentPostprocessing = 0;
		};
		2D50109319681FFC001E4505 /* Frameworks */ = {
			isa = PBXFrameworksBuildPhase;
			buildActionMask = 2147483647;
			files = (
			);
			runOnlyForDeploymentPostprocessing = 0;
		};
/* End PBXFrameworksBuildPhase section */

/* Begin PBXGroup section */
		2D50108019681FFB001E4505 = {
			isa = PBXGroup;
			children = (
				2D50108B19681FFB001E4505 /* TransitionTest */,
				2D50109919681FFC001E4505 /* TransitionTestTests */,
				2D50108A19681FFB001E4505 /* Products */,
			);
			sourceTree = "<group>";
		};
		2D50108A19681FFB001E4505 /* Products */ = {
			isa = PBXGroup;
			children = (
				2D50108919681FFB001E4505 /* TransitionTest.app */,
				2D50109619681FFC001E4505 /* TransitionTestTests.xctest */,
			);
			name = Products;
			sourceTree = "<group>";
		};
		2D50108B19681FFB001E4505 /* TransitionTest */ = {
			isa = PBXGroup;
			children = (
				2D50108E19681FFC001E4505 /* AppDelegate.swift */,
				2D50109019681FFC001E4505 /* Images.xcassets */,
				2D50108C19681FFB001E4505 /* Supporting Files */,
			);
			path = TransitionTest;
			sourceTree = "<group>";
		};
		2D50108C19681FFB001E4505 /* Supporting Files */ = {
			isa = PBXGroup;
			children = (
				2D50108D19681FFB001E4505 /* Info.plist */,
			);
			name = "Supporting Files";
			sourceTree = "<group>";
		};
		2D50109919681FFC001E4505 /* TransitionTestTests */ = {
			isa = PBXGroup;
			children = (
				2D50109C19681FFC001E4505 /* TransitionTestTests.swift */,
				2D50109A19681FFC001E4505 /* Supporting Files */,
			);
			path = TransitionTestTests;
			sourceTree = "<group>";
		};
		2D50109A19681FFC001E4505 /* Supporting Files */ = {
			isa = PBXGroup;
			children = (
				2D50109B19681FFC001E4505 /* Info.plist */,
			);
			name = "Supporting Files";
			sourceTree = "<group>";
		};
/* End PBXGroup section */

/* Begin PBXNativeTarget section */
		2D50108819681FFB001E4505 /* TransitionTest */ = {
			isa = PBXNativeTarget;
			buildConfigurationList = 2D5010A019681FFC001E4505 /* Build configuration list for PBXNativeTarget "TransitionTest" */;
			buildPhases = (
				2D50108519681FFB001E4505 /* Sources */,
				2D50108619681FFB001E4505 /* Frameworks */,
				2D50108719681FFB001E4505 /* Resources */,
			);
			buildRules = (
			);
			dependencies = (
			);
			name = TransitionTest;
			productName = TransitionTest;
			productReference = 2D50108919681FFB001E4505 /* TransitionTest.app */;
			productType = "com.apple.product-type.application";
		};
		2D50109519681FFC001E4505 /* TransitionTestTests */ = {
			isa = PBXNativeTarget;
			buildConfigurationList = 2D5010A319681FFC001E4505 /* Build configuration list for PBXNativeTarget "TransitionTestTests" */;
			buildPhases = (
				2D50109219681FFC001E4505 /* Sources */,
				2D50109319681FFC001E4505 /* Frameworks */,
				2D50109419681FFC001E4505 /* Resources */,
			);
			buildRules = (
			);
			dependencies = (
				2D50109819681FFC001E4505 /* PBXTargetDependency */,
			);
			name = TransitionTestTests;
			productName = TransitionTestTests;
			productReference = 2D50109619681FFC001E4505 /* TransitionTestTests.xctest */;
			productType = "com.apple.product-type.bundle.unit-test";
		};
/* End PBXNativeTarget section */

/* Begin PBXProject section */
		2D50108119681FFB001E4505 /* Project object */ = {
			isa = PBXProject;
			attributes = {
				LastUpgradeCheck = 0600;
				ORGANIZATIONNAME = "Maciej Koziel";
				TargetAttributes = {
					2D50108819681FFB001E4505 = {
						CreatedOnToolsVersion = 6.0;
					};
					2D50109519681FFC001E4505 = {
						CreatedOnToolsVersion = 6.0;
						TestTargetID = 2D50108819681FFB001E4505;
					};
				};
			};
			buildConfigurationList = 2D50108419681FFB001E4505 /* Build configuration list for PBXProject "TransitionTest" */;
			compatibilityVersion = "Xcode 3.2";
			developmentRegion = English;
			hasScannedForEncodings = 0;
			knownRegions = (
				en,
			);
			mainGroup = 2D50108019681FFB001E4505;
			productRefGroup = 2D50108A19681FFB001E4505 /* Products */;
			projectDirPath = "";
			projectRoot = "";
			targets = (
				2D50108819681FFB001E4505 /* TransitionTest */,
				2D50109519681FFC001E4505 /* TransitionTestTests */,
			);
		};
/* End PBXProject section */

/* Begin PBXResourcesBuildPhase section */
		2D50108719681FFB001E4505 /* Resources */ = {
			isa = PBXResourcesBuildPhase;
			buildActionMask = 2147483647;
			files = (
				2D50109119681FFC001E4505 /* Images.xcassets in Resources */,
			);
			runOnlyForDeploymentPostprocessing = 0;
		};
		2D50109419681FFC001E4505 /* Resources */ = {
			isa = PBXResourcesBuildPhase;
			buildActionMask = 2147483647;
			files = (
			);
			runOnlyForDeploymentPostprocessing = 0;
		};
/* End PBXResourcesBuildPhase section */

/* Begin PBXSourcesBuildPhase section */
		2D50108519681FFB001E4505 /* Sources */ = {
			isa = PBXSourcesBuildPhase;
			buildActionMask = 2147483647;
			files = (
				2D50108F19681FFC001E4505 /* AppDelegate.swift in Sources */,
			);
			runOnlyForDeploymentPostprocessing = 0;
		};
		2D50109219681FFC001E4505 /* Sources */ = {
			isa = PBXSourcesBuildPhase;
			buildActionMask = 2147483647;
			files = (
				2D50109D19681FFC001E4505 /* TransitionTestTests.swift in Sources */,
			);
			runOnlyForDeploymentPostprocessing = 0;
		};
/* End PBXSourcesBuildPhase section */

/* Begin PBXTargetDependency section */
		2D50109819681FFC001E4505 /* PBXTargetDependency */ = {
			isa = PBXTargetDependency;
			target = 2D50108819681FFB001E4505 /* TransitionTest */;
			targetProxy = 2D50109719681FFC001E4505 /* PBXContainerItemProxy */;
		};
/* End PBXTargetDependency section */

/* Begin XCBuildConfiguration section */
		2D50109E19681FFC001E4505 /* Debug */ = {
			isa = XCBuildConfiguration;
			buildSettings = {
				ALWAYS_SEARCH_USER_PATHS = NO;
				CLANG_CXX_LANGUAGE_STANDARD = "gnu++0x";
				CLANG_CXX_LIBRARY = "libc++";
				CLANG_ENABLE_MODULES = YES;
				CLANG_ENABLE_OBJC_ARC = YES;
				CLANG_WARN_BOOL_CONVERSION = YES;
				CLANG_WARN_CONSTANT_CONVERSION = YES;
				CLANG_WARN_DIRECT_OBJC_ISA_USAGE = YES_ERROR;
				CLANG_WARN_EMPTY_BODY = YES;
				CLANG_WARN_ENUM_CONVERSION = YES;
				CLANG_WARN_INT_CONVERSION = YES;
				CLANG_WARN_OBJC_ROOT_CLASS = YES_ERROR;
				CLANG_WARN_UNREACHABLE_CODE = YES;
				CLANG_WARN__DUPLICATE_METHOD_MATCH = YES;
				"CODE_SIGN_IDENTITY[sdk=iphoneos*]" = "iPhone Developer";
				COPY_PHASE_STRIP = NO;
				ENABLE_STRICT_OBJC_MSGSEND = YES;
				GCC_C_LANGUAGE_STANDARD = gnu99;
				GCC_DYNAMIC_NO_PIC = NO;
				GCC_OPTIMIZATION_LEVEL = 0;
				GCC_PREPROCESSOR_DEFINITIONS = (
					"DEBUG=1",
					"$(inherited)",
				);
				GCC_SYMBOLS_PRIVATE_EXTERN = NO;
				GCC_WARN_64_TO_32_BIT_CONVERSION = YES;
				GCC_WARN_ABOUT_RETURN_TYPE = YES_ERROR;
				GCC_WARN_UNDECLARED_SELECTOR = YES;
				GCC_WARN_UNINITIALIZED_AUTOS = YES_AGGRESSIVE;
				GCC_WARN_UNUSED_FUNCTION = YES;
				GCC_WARN_UNUSED_VARIABLE = YES;
				IPHONEOS_DEPLOYMENT_TARGET = 8.0;
				METAL_ENABLE_DEBUG_INFO = YES;
				ONLY_ACTIVE_ARCH = YES;
				SDKROOT = iphoneos;
				SWIFT_OPTIMIZATION_LEVEL = "-Onone";
			};
			name = Debug;
		};
		2D50109F19681FFC001E4505 /* Release */ = {
			isa = XCBuildConfiguration;
			buildSettings = {
				ALWAYS_SEARCH_USER_PATHS = NO;
				CLANG_CXX_LANGUAGE_STANDARD = "gnu++0x";
				CLANG_CXX_LIBRARY = "libc++";
				CLANG_ENABLE_MODULES = YES;
				CLANG_ENABLE_OBJC_ARC = YES;
				CLANG_WARN_BOOL_CONVERSION = YES;
				CLANG_WARN_CONSTANT_CONVERSION = YES;
				CLANG_WARN_DIRECT_OBJC_ISA_USAGE = YES_ERROR;
				CLANG_WARN_EMPTY_BODY = YES;
				CLANG_WARN_ENUM_CONVERSION = YES;
				CLANG_WARN_INT_CONVERSION = YES;
				CLANG_WARN_OBJC_ROOT_CLASS = YES_ERROR;
				CLANG_WARN_UNREACHABLE_CODE = YES;
				CLANG_WARN__DUPLICATE_METHOD_MATCH = YES;
				"CODE_SIGN_IDENTITY[sdk=iphoneos*]" = "iPhone Developer";
				COPY_PHASE_STRIP = YES;
				ENABLE_NS_ASSERTIONS = NO;
				ENABLE_STRICT_OBJC_MSGSEND = YES;
				GCC_C_LANGUAGE_STANDARD = gnu99;
				GCC_WARN_64_TO_32_BIT_CONVERSION = YES;
				GCC_WARN_ABOUT_RETURN_TYPE = YES_ERROR;
				GCC_WARN_UNDECLARED_SELECTOR = YES;
				GCC_WARN_UNINITIALIZED_AUTOS = YES_AGGRESSIVE;
				GCC_WARN_UNUSED_FUNCTION = YES;
				GCC_WARN_UNUSED_VARIABLE = YES;
				IPHONEOS_DEPLOYMENT_TARGET = 8.0;
				METAL_ENABLE_DEBUG_INFO = NO;
				SDKROOT = iphoneos;
				VALIDATE_PRODUCT = YES;
			};
			name = Release;
		};
		2D5010A119681FFC001E4505 /* Debug */ = {
			isa = XCBuildConfiguration;
			buildSettings = {
				ASSETCATALOG_COMPILER_APPICON_NAME = AppIcon;
				ASSETCATALOG_COMPILER_LAUNCHIMAGE_NAME = LaunchImage;
				INFOPLIST_FILE = TransitionTest/Info.plist;
				LD_RUNPATH_SEARCH_PATHS = "$(inherited) @executable_path/Frameworks";
				PRODUCT_NAME = "$(TARGET_NAME)";
			};
			name = Debug;
		};
		2D5010A219681FFC001E4505 /* Release */ = {
			isa = XCBuildConfiguration;
			buildSettings = {
				ASSETCATALOG_COMPILER_APPICON_NAME = AppIcon;
				ASSETCATALOG_COMPILER_LAUNCHIMAGE_NAME = LaunchImage;
				INFOPLIST_FILE = TransitionTest/Info.plist;
				LD_RUNPATH_SEARCH_PATHS = "$(inherited) @executable_path/Frameworks";
				PRODUCT_NAME = "$(TARGET_NAME)";
			};
			name = Release;
		};
		2D5010A419681FFC001E4505 /* Debug */ = {
			isa = XCBuildConfiguration;
			buildSettings = {
				BUNDLE_LOADER = "$(BUILT_PRODUCTS_DIR)/TransitionTest.app/TransitionTest";
				FRAMEWORK_SEARCH_PATHS = (
					"$(SDKROOT)/Developer/Library/Frameworks",
					"$(inherited)",
				);
				GCC_PREPROCESSOR_DEFINITIONS = (
					"DEBUG=1",
					"$(inherited)",
				);
				INFOPLIST_FILE = TransitionTestTests/Info.plist;
				LD_RUNPATH_SEARCH_PATHS = "$(inherited) @executable_path/Frameworks @loader_path/Frameworks";
				METAL_ENABLE_DEBUG_INFO = YES;
				PRODUCT_NAME = "$(TARGET_NAME)";
				TEST_HOST = "$(BUNDLE_LOADER)";
			};
			name = Debug;
		};
		2D5010A519681FFC001E4505 /* Release */ = {
			isa = XCBuildConfiguration;
			buildSettings = {
				BUNDLE_LOADER = "$(BUILT_PRODUCTS_DIR)/TransitionTest.app/TransitionTest";
				FRAMEWORK_SEARCH_PATHS = (
					"$(SDKROOT)/Developer/Library/Frameworks",
					"$(inherited)",
				);
				INFOPLIST_FILE = TransitionTestTests/Info.plist;
				LD_RUNPATH_SEARCH_PATHS = "$(inherited) @executable_path/Frameworks @loader_path/Frameworks";
				METAL_ENABLE_DEBUG_INFO = NO;
				PRODUCT_NAME = "$(TARGET_NAME)";
				TEST_HOST = "$(BUNDLE_LOADER)";
			};
			name = Release;
		};
/* End XCBuildConfiguration section */

/* Begin XCConfigurationList section */
		2D50108419681FFB001E4505 /* Build configuration list for PBXProject "TransitionTest" */ = {
			isa = XCConfigurationList;
			buildConfigurations = (
				2D50109E19681FFC001E4505 /* Debug */,
				2D50109F19681FFC001E4505 /* Release */,
			);
			defaultConfigurationIsVisible = 0;
			defaultConfigurationName = Release;
		};
		2D5010A019681FFC001E4505 /* Build configuration list for PBXNativeTarget "TransitionTest" */ = {
			isa = XCConfigurationList;
			buildConfigurations = (
				2D5010A119681FFC001E4505 /* Debug */,
				2D5010A219681FFC001E4505 /* Release */,
			);
			defaultConfigurationIsVisible = 0;
		};
		2D5010A319681FFC001E4505 /* Build configuration list for PBXNativeTarget "TransitionTestTests" */ = {
			isa = XCConfigurationList;
			buildConfigurations = (
				2D5010A419681FFC001E4505 /* Debug */,
				2D5010A519681FFC001E4505 /* Release */,
			);
			defaultConfigurationIsVisible = 0;
		};
/* End XCConfigurationList section */
	};
	rootObject = 2D50108119681FFB001E4505 /* Project object */;
}
